
Microsoft Visual Studio Solution File, Format Version 12.00
# Visual Studio Version 17
VisualStudioVersion = 17.10.34916.146
MinimumVisualStudioVersion = 10.0.40219.1
Project("{FAE04EC0-301F-11D3-BF4B-00C04F79EFBC}") = "WealtherWalkingSkeleton", "WealtherWalkingSkeleton\WealtherWalkingSkeleton.csproj", "{32969A12-D0DD-47C3-B2EF-48C68C588BED}"
EndProject
Global
	GlobalSection(SolutionConfigurationPlatforms) = preSolution
		Debug|Any CPU = Debug|Any CPU
		Release|Any CPU = Release|Any CPU
	EndGlobalSection
	GlobalSection(ProjectConfigurationPlatforms) = postSolution
		{32969A12-D0DD-47C3-B2EF-48C68C588BED}.Debug|Any CPU.ActiveCfg = Debug|Any CPU
		{32969A12-D0DD-47C3-B2EF-48C68C588BED}.Debug|Any CPU.Build.0 = Debug|Any CPU
		{32969A12-D0DD-47C3-B2EF-48C68C588BED}.Release|Any CPU.ActiveCfg = Release|Any CPU
		{32969A12-D0DD-47C3-B2EF-48C68C588BED}.Release|Any CPU.Build.0 = Release|Any CPU
	EndGlobalSection
	GlobalSection(SolutionProperties) = preSolution
		HideSolutionNode = FALSE
	EndGlobalSection
	GlobalSection(ExtensibilityGlobals) = postSolution
		SolutionGuid = {D1CD7465-F781-40F7-871B-A01A0DD0DDB7}
	EndGlobalSection
EndGlobal
